<?xml version="1.0"?>
<CONFIG>
  <ProjectOptions>
    <Version Value="9"/>
    <General>
      <Flags>
        <LRSInOutputDirectory Value="False"/>
      </Flags>
      <MainUnit Value="0"/>
      <Title Value="ZC Launcher"/>
      <UseAppBundle Value="False"/>
      <UseXPManifest Value="True"/>
      <Icon Value="0"/>
      <ActiveWindowIndexAtStart Value="0"/>
    </General>
    <VersionInfo>
      <UseVersionInfo Value="True"/>
      <AutoIncrementBuild Value="True"/>
      <MajorVersionNr Value="2"/>
      <MinorVersionNr Value="5"/>
      <RevisionNr Value="3"/>
      <BuildNr Value="301"/>
      <StringTable Comments="Zelda Classic Launcher" CompanyName="Deviansoft" ProductName="Zelda Classic Launcher" ProductVersion="2.5.0.587"/>
    </VersionInfo>
    <BuildModes Count="1">
      <Item1 Name="default" Default="True"/>
    </BuildModes>
    <PublishOptions>
      <Version Value="2"/>
      <IgnoreBinaries Value="False"/>
      <IncludeFileFilter Value="*.(pas|pp|inc|lfm|lpr|lrs|lpi|lpk|sh|xml)"/>
      <ExcludeFileFilter Value="*.(bak|ppu|ppw|o|so);*~;backup"/>
    </PublishOptions>
    <RunParams>
      <local>
        <FormatVersion Value="1"/>
        <LaunchingApplication PathPlusParams="/usr/X11R6/bin/xterm -T 'Lazarus Run Output' -e $(LazarusDir)/tools/runwait.sh $(TargetCmdLine)"/>
      </local>
    </RunParams>
    <RequiredPackages Count="3">
      <Item1>
        <PackageName Value="RunTimeTypeInfoControls"/>
        <MinVersion Minor="1" Valid="True"/>
      </Item1>
      <Item2>
        <PackageName Value="FCL"/>
        <MinVersion Major="1" Valid="True"/>
      </Item2>
      <Item3>
        <PackageName Value="LCL"/>
      </Item3>
    </RequiredPackages>
    <Units Count="32">
      <Unit0>
        <Filename Value="ZCL.lpr"/>
        <IsPartOfProject Value="True"/>
        <UnitName Value="ZCL"/>
        <IsVisibleTab Value="True"/>
        <EditorIndex Value="2"/>
        <WindowIndex Value="0"/>
        <TopLine Value="1"/>
        <CursorPos X="14" Y="23"/>
        <UsageCount Value="208"/>
        <Loaded Value="True"/>
        <LoadedDesigner Value="True"/>
        <DefaultSyntaxHighlighter Value="Delphi"/>
      </Unit0>
      <Unit1>
        <Filename Value="zclmain.pas"/>
        <IsPartOfProject Value="True"/>
        <ComponentName Value="Form1"/>
        <HasResources Value="True"/>
        <ResourceBaseClass Value="Form"/>
        <UnitName Value="zclmain"/>
        <EditorIndex Value="0"/>
        <WindowIndex Value="0"/>
        <TopLine Value="1655"/>
        <CursorPos X="38" Y="1674"/>
        <FoldState Value=" T0mD4252B]562T-"/>
        <UsageCount Value="208"/>
        <Bookmarks Count="1">
          <Item0 X="1" Y="1" ID="1"/>
        </Bookmarks>
        <Loaded Value="True"/>
        <LoadedDesigner Value="True"/>
        <DefaultSyntaxHighlighter Value="Delphi"/>
      </Unit1>
      <Unit2>
        <Filename Value="Unit6.pas"/>
        <ComponentName Value="Form6"/>
        <HasResources Value="True"/>
        <UnitName Value="Unit6"/>
        <TopLine Value="12"/>
        <CursorPos X="25" Y="20"/>
        <UsageCount Value="25"/>
        <DefaultSyntaxHighlighter Value="Delphi"/>
      </Unit2>
      <Unit3>
        <Filename Value="../zcll/unit1.pas"/>
        <ComponentName Value="Form1"/>
        <HasResources Value="True"/>
        <UnitName Value="Unit1"/>
        <TopLine Value="1"/>
        <CursorPos X="1" Y="1"/>
        <UsageCount Value="1"/>
        <DefaultSyntaxHighlighter Value="Delphi"/>
      </Unit3>
      <Unit4>
        <Filename Value="Unit1.lfm"/>
        <TopLine Value="1"/>
        <CursorPos X="1" Y="1"/>
        <UsageCount Value="14"/>
        <DefaultSyntaxHighlighter Value="LFM"/>
      </Unit4>
      <Unit5>
        <Filename Value="unit2.pas"/>
        <UnitName Value="Unit2"/>
        <TopLine Value="1"/>
        <CursorPos X="1" Y="1"/>
        <UsageCount Value="11"/>
        <DefaultSyntaxHighlighter Value="Delphi"/>
      </Unit5>
      <Unit6>
        <Filename Value="unit3.pas"/>
        <ComponentName Value="Form2"/>
        <UnitName Value="Unit3"/>
        <TopLine Value="4"/>
        <CursorPos X="53" Y="13"/>
        <UsageCount Value="11"/>
        <DefaultSyntaxHighlighter Value="Delphi"/>
      </Unit6>
      <Unit7>
        <Filename Value="Unit4.pas"/>
        <UnitName Value="Unit4"/>
        <TopLine Value="1"/>
        <CursorPos X="14" Y="11"/>
        <UsageCount Value="1"/>
        <DefaultSyntaxHighlighter Value="Delphi"/>
      </Unit7>
      <Unit8>
        <Filename Value="../lazarus/lcl/include/application.inc"/>
        <TopLine Value="299"/>
        <CursorPos X="1" Y="312"/>
        <UsageCount Value="1"/>
        <DefaultSyntaxHighlighter Value="Delphi"/>
      </Unit8>
      <Unit9>
        <Filename Value="../lazarus/lcl/include/winapi.inc"/>
        <TopLine Value="267"/>
        <CursorPos X="1" Y="280"/>
        <UsageCount Value="1"/>
        <DefaultSyntaxHighlighter Value="Delphi"/>
      </Unit9>
      <Unit10>
        <Filename Value="../lazarus/lcl/forms.pp"/>
        <UnitName Value="Forms"/>
        <TopLine Value="147"/>
        <CursorPos X="1" Y="147"/>
        <UsageCount Value="3"/>
        <DefaultSyntaxHighlighter Value="Delphi"/>
      </Unit10>
      <Unit11>
        <Filename Value="usr/share/lazarus/components/rtticontrols/rttictrls.pas"/>
        <UnitName Value="RTTICtrls"/>
        <TopLine Value="19"/>
        <CursorPos X="31" Y="33"/>
        <UsageCount Value="3"/>
        <DefaultSyntaxHighlighter Value="Delphi"/>
      </Unit11>
      <Unit12>
        <Filename Value="../lazarus/components/rtticontrols/runtimetypeinfocontrols.pas"/>
        <UnitName Value="RunTimeTypeInfoControls"/>
        <TopLine Value="1"/>
        <CursorPos X="5" Y="1"/>
        <UsageCount Value="3"/>
        <DefaultSyntaxHighlighter Value="Delphi"/>
      </Unit12>
      <Unit13>
        <Filename Value="../lazarus/lazarus/ide/lazarus.pp"/>
        <UnitName Value="Lazarus"/>
        <TopLine Value="1"/>
        <CursorPos X="1" Y="1"/>
        <UsageCount Value="4"/>
        <DefaultSyntaxHighlighter Value="Delphi"/>
      </Unit13>
      <Unit14>
        <Filename Value="../lazarus/lazarus/lcl/interfaces/win32/win32int.pp"/>
        <UnitName Value="Win32Int"/>
        <TopLine Value="21"/>
        <CursorPos X="18" Y="41"/>
        <UsageCount Value="3"/>
        <DefaultSyntaxHighlighter Value="Delphi"/>
      </Unit14>
      <Unit15>
        <Filename Value="zctitle.pas"/>
        <ComponentName Value="Form2"/>
        <UnitName Value="zctitle"/>
        <TopLine Value="44"/>
        <CursorPos X="3" Y="59"/>
        <UsageCount Value="63"/>
        <DefaultSyntaxHighlighter Value="Delphi"/>
      </Unit15>
      <Unit16>
        <Filename Value="crc32.pas"/>
        <UnitName Value="CRC32"/>
        <TopLine Value="36"/>
        <CursorPos X="23" Y="80"/>
        <UsageCount Value="45"/>
        <DefaultSyntaxHighlighter Value="Delphi"/>
      </Unit16>
      <Unit17>
        <Filename Value="../lazarus/lcl/extctrls.pp"/>
        <UnitName Value="ExtCtrls"/>
        <TopLine Value="23"/>
        <CursorPos X="11" Y="36"/>
        <UsageCount Value="6"/>
        <DefaultSyntaxHighlighter Value="Delphi"/>
      </Unit17>
      <Unit18>
        <Filename Value="../lazarus/components/rtticontrols/rttictrls.pas"/>
        <UnitName Value="RTTICtrls"/>
        <TopLine Value="20"/>
        <CursorPos X="31" Y="33"/>
        <UsageCount Value="5"/>
        <DefaultSyntaxHighlighter Value="Delphi"/>
      </Unit18>
      <Unit19>
        <Filename Value="zclnewlook.pas"/>
        <ComponentName Value="Form3"/>
        <UnitName Value="zclnewlook"/>
        <TopLine Value="24"/>
        <CursorPos X="3" Y="44"/>
        <UsageCount Value="19"/>
        <DefaultSyntaxHighlighter Value="Delphi"/>
      </Unit19>
      <Unit20>
        <Filename Value="../lazarus/components/jpeg/readme.txt"/>
        <TopLine Value="1"/>
        <CursorPos X="1" Y="1"/>
        <UsageCount Value="15"/>
        <DefaultSyntaxHighlighter Value="None"/>
      </Unit20>
      <Unit21>
        <Filename Value="../lazarus/converter/lazxmlforms.pas"/>
        <UnitName Value="LazXMLForms"/>
        <TopLine Value="46"/>
        <CursorPos X="17" Y="60"/>
        <UsageCount Value="7"/>
        <DefaultSyntaxHighlighter Value="Delphi"/>
      </Unit21>
      <Unit22>
        <Filename Value="../lazarus/ide/lazarus.pp"/>
        <UnitName Value="Lazarus"/>
        <TopLine Value="89"/>
        <CursorPos X="1" Y="115"/>
        <UsageCount Value="7"/>
        <DefaultSyntaxHighlighter Value="Delphi"/>
      </Unit22>
      <Unit23>
        <Filename Value="lazarus/ide/environmentopts.pp"/>
        <ComponentName Value="EnvironmentOptionsDialog"/>
        <HasResources Value="True"/>
        <UnitName Value="EnvironmentOpts"/>
        <TopLine Value="1"/>
        <CursorPos X="1" Y="1"/>
        <UsageCount Value="6"/>
        <DefaultSyntaxHighlighter Value="Delphi"/>
      </Unit23>
      <Unit24>
        <Filename Value="lazarus/components/editortoolbar/jumpto_impl.pas"/>
        <UnitName Value="jumpto_impl"/>
        <TopLine Value="91"/>
        <CursorPos X="40" Y="98"/>
        <UsageCount Value="6"/>
        <DefaultSyntaxHighlighter Value="Delphi"/>
      </Unit24>
      <Unit25>
        <Filename Value="usr/lib/lazarus/ide/lazarus.pp"/>
        <UnitName Value="Lazarus"/>
        <TopLine Value="58"/>
        <CursorPos X="20" Y="74"/>
        <UsageCount Value="6"/>
        <DefaultSyntaxHighlighter Value="Delphi"/>
      </Unit25>
      <Unit26>
        <Filename Value="zscript.pas"/>
        <ComponentName Value="Form2"/>
        <ResourceBaseClass Value="Form"/>
        <UnitName Value="zscript"/>
        <TopLine Value="1"/>
        <CursorPos X="3" Y="206"/>
        <UsageCount Value="66"/>
        <DefaultSyntaxHighlighter Value="Delphi"/>
      </Unit26>
      <Unit27>
        <Filename Value="zscript.lfm"/>
        <TopLine Value="1"/>
        <CursorPos X="1" Y="1"/>
        <UsageCount Value="28"/>
        <DefaultSyntaxHighlighter Value="LFM"/>
      </Unit27>
      <Unit28>
        <Filename Value="../lazarus/components/synunihighlighter/synunidesigner.pas"/>
        <UnitName Value="SynUniDesigner"/>
        <TopLine Value="202"/>
        <CursorPos X="4" Y="215"/>
        <UsageCount Value="6"/>
        <DefaultSyntaxHighlighter Value="Delphi"/>
      </Unit28>
      <Unit29>
        <Filename Value="../lazarus/components/synedit/synhighlightercpp.pp"/>
        <UnitName Value="SynHighlighterCpp"/>
        <TopLine Value="386"/>
        <CursorPos X="43" Y="399"/>
        <UsageCount Value="6"/>
        <DefaultSyntaxHighlighter Value="Delphi"/>
      </Unit29>
      <Unit30>
        <Filename Value="updater.pas"/>
        <ComponentName Value="updater1"/>
        <ResourceBaseClass Value="Form"/>
        <UnitName Value="updater"/>
        <TopLine Value="10"/>
        <CursorPos X="28" Y="102"/>
        <UsageCount Value="45"/>
        <DefaultSyntaxHighlighter Value="Delphi"/>
      </Unit30>
      <Unit31>
        <Filename Value="zclmain.lfm"/>
        <EditorIndex Value="1"/>
        <WindowIndex Value="0"/>
        <TopLine Value="1"/>
        <CursorPos X="42" Y="13"/>
        <UsageCount Value="10"/>
        <Loaded Value="True"/>
        <DefaultSyntaxHighlighter Value="LFM"/>
      </Unit31>
    </Units>
    <JumpHistory Count="30" HistoryIndex="29">
      <Position1>
        <Filename Value="zclmain.pas"/>
        <Caret Line="116" Column="20" TopLine="81"/>
      </Position1>
      <Position2>
        <Filename Value="zclmain.pas"/>
        <Caret Line="117" Column="20" TopLine="82"/>
      </Position2>
      <Position3>
        <Filename Value="zclmain.pas"/>
        <Caret Line="124" Column="9" TopLine="89"/>
      </Position3>
      <Position4>
        <Filename Value="zclmain.pas"/>
        <Caret Line="125" Column="9" TopLine="90"/>
      </Position4>
      <Position5>
        <Filename Value="zclmain.pas"/>
        <Caret Line="126" Column="9" TopLine="91"/>
      </Position5>
      <Position6>
        <Filename Value="zclmain.pas"/>
        <Caret Line="127" Column="9" TopLine="92"/>
      </Position6>
      <Position7>
        <Filename Value="zclmain.pas"/>
        <Caret Line="148" Column="1" TopLine="148"/>
      </Position7>
      <Position8>
        <Filename Value="zclmain.pas"/>
        <Caret Line="194" Column="21" TopLine="156"/>
      </Position8>
      <Position9>
        <Filename Value="zclmain.pas"/>
        <Caret Line="224" Column="5" TopLine="202"/>
      </Position9>
      <Position10>
        <Filename Value="zclmain.pas"/>
        <Caret Line="719" Column="33" TopLine="684"/>
      </Position10>
      <Position11>
        <Filename Value="zclmain.pas"/>
        <Caret Line="1168" Column="31" TopLine="1133"/>
      </Position11>
      <Position12>
        <Filename Value="zclmain.pas"/>
        <Caret Line="1" Column="1" TopLine="1"/>
      </Position12>
      <Position13>
        <Filename Value="zclmain.pas"/>
        <Caret Line="66" Column="10" TopLine="31"/>
      </Position13>
      <Position14>
        <Filename Value="zclmain.pas"/>
        <Caret Line="167" Column="20" TopLine="132"/>
      </Position14>
      <Position15>
        <Filename Value="zclmain.pas"/>
        <Caret Line="183" Column="12" TopLine="157"/>
      </Position15>
      <Position16>
        <Filename Value="zclmain.pas"/>
        <Caret Line="208" Column="25" TopLine="173"/>
      </Position16>
      <Position17>
        <Filename Value="zclmain.pas"/>
        <Caret Line="264" Column="16" TopLine="229"/>
      </Position17>
      <Position18>
        <Filename Value="zclmain.pas"/>
        <Caret Line="268" Column="29" TopLine="233"/>
      </Position18>
      <Position19>
        <Filename Value="zclmain.pas"/>
        <Caret Line="269" Column="30" TopLine="234"/>
      </Position19>
      <Position20>
        <Filename Value="zclmain.pas"/>
        <Caret Line="345" Column="26" TopLine="310"/>
      </Position20>
      <Position21>
        <Filename Value="zclmain.pas"/>
        <Caret Line="348" Column="12" TopLine="313"/>
      </Position21>
      <Position22>
        <Filename Value="zclmain.pas"/>
        <Caret Line="352" Column="32" TopLine="317"/>
      </Position22>
      <Position23>
        <Filename Value="zclmain.pas"/>
        <Caret Line="719" Column="29" TopLine="684"/>
      </Position23>
      <Position24>
        <Filename Value="zclmain.pas"/>
        <Caret Line="737" Column="1" TopLine="702"/>
      </Position24>
      <Position25>
        <Filename Value="zclmain.pas"/>
        <Caret Line="1" Column="1" TopLine="1"/>
      </Position25>
      <Position26>
        <Filename Value="zclmain.pas"/>
        <Caret Line="191" Column="9" TopLine="156"/>
      </Position26>
      <Position27>
        <Filename Value="zclmain.pas"/>
        <Caret Line="750" Column="32" TopLine="682"/>
      </Position27>
      <Position28>
        <Filename Value="zclmain.pas"/>
        <Caret Line="730" Column="58" TopLine="707"/>
      </Position28>
      <Position29>
        <Filename Value="ZCL.lpr"/>
        <Caret Line="12" Column="33" TopLine="1"/>
      </Position29>
      <Position30>
        <Filename Value="ZCL.lpr"/>
        <Caret Line="25" Column="54" TopLine="1"/>
      </Position30>
    </JumpHistory>
  </ProjectOptions>
  <CompilerOptions>
    <Version Value="9"/>
    <Parsing>
      <SyntaxOptions>
        <SyntaxMode Value="Delphi"/>
        <CStyleOperator Value="False"/>
        <UseAnsiStrings Value="False"/>
      </SyntaxOptions>
    </Parsing>
    <CodeGeneration>
      <SmallerCode Value="True"/>
      <TargetCPU Value="i386"/>
      <Optimizations>
        <OptimizationLevel Value="3"/>
      </Optimizations>
    </CodeGeneration>
    <Linking>
      <Debugging>
        <UseLineInfoUnit Value="False"/>
      </Debugging>
      <LinkSmart Value="True"/>
      <Options>
        <LinkerOptions Value="-XX"/>
        <Win32>
          <GraphicApplication Value="True"/>
        </Win32>
      </Options>
    </Linking>
    <Other>
      <Verbosity>
        <ShoLineNum Value="True"/>
        <ShowCompProc Value="True"/>
        <ShowHintsForUnusedUnitsInMainSrc Value="True"/>
        <ShowHintsForSenderNotUsed Value="True"/>
      </Verbosity>
      <CompilerMessages>
        <UseMsgFile Value="True"/>
      </CompilerMessages>
      <CompilerPath Value="$(CompPath)"/>
      <CreateMakefileOnBuild Value="True"/>
    </Other>
  </CompilerOptions>
  <Debugging>
    <Exceptions Count="2">
      <Item1>
        <Name Value="ECodetoolError"/>
      </Item1>
      <Item2>
        <Name Value="EFOpenError"/>
      </Item2>
    </Exceptions>
  </Debugging>
</CONFIG>
