Microsoft Visual Studio Solution File, Format Version 10.00
# Visual Studio 2008
Project("{8BC9CEB8-8B4A-11D0-8D11-00A0C91BC942}") = "zc", "zc.vcproj", "{C716DE8B-1181-4B5D-947C-F8233C562464}"
EndProject
Project("{8BC9CEB8-8B4A-11D0-8D11-00A0C91BC942}") = "zquest", "zquest.vcproj", "{50ACE952-7298-4317-9AC5-F7823095B346}"
EndProject
Project("{8BC9CEB8-8B4A-11D0-8D11-00A0C91BC942}") = "romview", "romview.vcproj", "{EF810A76-BA22-41A6-AEDF-C19E50969355}"
EndProject
Global
	GlobalSection(SolutionConfigurationPlatforms) = preSolution
		Debug|Win32 = Debug|Win32
		Release|Win32 = Release|Win32
	EndGlobalSection
	GlobalSection(ProjectConfigurationPlatforms) = postSolution
		{C716DE8B-1181-4B5D-947C-F8233C562464}.Debug|Win32.ActiveCfg = Debug|Win32
		{C716DE8B-1181-4B5D-947C-F8233C562464}.Debug|Win32.Build.0 = Debug|Win32
		{C716DE8B-1181-4B5D-947C-F8233C562464}.Release|Win32.ActiveCfg = Release|Win32
		{C716DE8B-1181-4B5D-947C-F8233C562464}.Release|Win32.Build.0 = Release|Win32
		{50ACE952-7298-4317-9AC5-F7823095B346}.Debug|Win32.ActiveCfg = Debug|Win32
		{50ACE952-7298-4317-9AC5-F7823095B346}.Debug|Win32.Build.0 = Debug|Win32
		{50ACE952-7298-4317-9AC5-F7823095B346}.Release|Win32.ActiveCfg = Release|Win32
		{50ACE952-7298-4317-9AC5-F7823095B346}.Release|Win32.Build.0 = Release|Win32
		{EF810A76-BA22-41A6-AEDF-C19E50969355}.Debug|Win32.ActiveCfg = Debug|Win32
		{EF810A76-BA22-41A6-AEDF-C19E50969355}.Debug|Win32.Build.0 = Debug|Win32
		{EF810A76-BA22-41A6-AEDF-C19E50969355}.Release|Win32.ActiveCfg = Release|Win32
	EndGlobalSection
	GlobalSection(SolutionProperties) = preSolution
		HideSolutionNode = FALSE
	EndGlobalSection
EndGlobal
