Microsoft Visual Studio Solution File, Format Version 10.00
# Visual Studio 2008
Project("{8BC9CEB8-8B4A-11D0-8D11-00A0C91BC942}") = "ALL_BUILD", "ALL_BUILD.vcproj", "{A6F0AF8E-0036-3C05-8F3B-60816313C8FA}"
	ProjectSection(ProjectDependencies) = postProject
		{59B5B14A-B3BA-3234-8127-A4C1C91840CE} = {59B5B14A-B3BA-3234-8127-A4C1C91840CE}
		{EA7D352A-B61F-398E-A1D7-CF7C38E620A0} = {EA7D352A-B61F-398E-A1D7-CF7C38E620A0}
		{6F2AF9AF-6C82-384B-8754-7A0969A95CDD} = {6F2AF9AF-6C82-384B-8754-7A0969A95CDD}
		{40A83BB9-3A9E-3901-87BC-0D5D082A04D9} = {40A83BB9-3A9E-3901-87BC-0D5D082A04D9}
		{36D7708F-2DA5-36E1-817D-5248C9C7EEA8} = {36D7708F-2DA5-36E1-817D-5248C9C7EEA8}
	EndProjectSection
EndProject
Project("{8BC9CEB8-8B4A-11D0-8D11-00A0C91BC942}") = "ZERO_CHECK", "ZERO_CHECK.vcproj", "{59B5B14A-B3BA-3234-8127-A4C1C91840CE}"
EndProject
Project("{8BC9CEB8-8B4A-11D0-8D11-00A0C91BC942}") = "romview", "romview.vcproj", "{EA7D352A-B61F-398E-A1D7-CF7C38E620A0}"
	ProjectSection(ProjectDependencies) = postProject
		{59B5B14A-B3BA-3234-8127-A4C1C91840CE} = {59B5B14A-B3BA-3234-8127-A4C1C91840CE}
	EndProjectSection
EndProject
Project("{8BC9CEB8-8B4A-11D0-8D11-00A0C91BC942}") = "zcsound", "zcsound.vcproj", "{6F2AF9AF-6C82-384B-8754-7A0969A95CDD}"
	ProjectSection(ProjectDependencies) = postProject
		{59B5B14A-B3BA-3234-8127-A4C1C91840CE} = {59B5B14A-B3BA-3234-8127-A4C1C91840CE}
	EndProjectSection
EndProject
Project("{8BC9CEB8-8B4A-11D0-8D11-00A0C91BC942}") = "zelda", "zelda.vcproj", "{40A83BB9-3A9E-3901-87BC-0D5D082A04D9}"
	ProjectSection(ProjectDependencies) = postProject
		{59B5B14A-B3BA-3234-8127-A4C1C91840CE} = {59B5B14A-B3BA-3234-8127-A4C1C91840CE}
		{6F2AF9AF-6C82-384B-8754-7A0969A95CDD} = {6F2AF9AF-6C82-384B-8754-7A0969A95CDD}
	EndProjectSection
EndProject
Project("{8BC9CEB8-8B4A-11D0-8D11-00A0C91BC942}") = "zquest", "zquest.vcproj", "{36D7708F-2DA5-36E1-817D-5248C9C7EEA8}"
	ProjectSection(ProjectDependencies) = postProject
		{59B5B14A-B3BA-3234-8127-A4C1C91840CE} = {59B5B14A-B3BA-3234-8127-A4C1C91840CE}
		{6F2AF9AF-6C82-384B-8754-7A0969A95CDD} = {6F2AF9AF-6C82-384B-8754-7A0969A95CDD}
	EndProjectSection
EndProject
Global
	GlobalSection(SolutionConfigurationPlatforms) = preSolution
		Debug|Win32 = Debug|Win32
		Release|Win32 = Release|Win32
	EndGlobalSection
	GlobalSection(ProjectConfigurationPlatforms) = postSolution
		{A6F0AF8E-0036-3C05-8F3B-60816313C8FA}.Debug|Win32.ActiveCfg = Release|Win32
		{A6F0AF8E-0036-3C05-8F3B-60816313C8FA}.Release|Win32.ActiveCfg = Release|Win32
		{59B5B14A-B3BA-3234-8127-A4C1C91840CE}.Debug|Win32.ActiveCfg = Release|Win32
		{59B5B14A-B3BA-3234-8127-A4C1C91840CE}.Debug|Win32.Build.0 = Release|Win32
		{59B5B14A-B3BA-3234-8127-A4C1C91840CE}.Release|Win32.ActiveCfg = Release|Win32
		{59B5B14A-B3BA-3234-8127-A4C1C91840CE}.Release|Win32.Build.0 = Release|Win32
		{EA7D352A-B61F-398E-A1D7-CF7C38E620A0}.Debug|Win32.ActiveCfg = Release|Win32
		{EA7D352A-B61F-398E-A1D7-CF7C38E620A0}.Debug|Win32.Build.0 = Release|Win32
		{EA7D352A-B61F-398E-A1D7-CF7C38E620A0}.Release|Win32.ActiveCfg = Release|Win32
		{EA7D352A-B61F-398E-A1D7-CF7C38E620A0}.Release|Win32.Build.0 = Release|Win32
		{6F2AF9AF-6C82-384B-8754-7A0969A95CDD}.Debug|Win32.ActiveCfg = Release|Win32
		{6F2AF9AF-6C82-384B-8754-7A0969A95CDD}.Debug|Win32.Build.0 = Release|Win32
		{6F2AF9AF-6C82-384B-8754-7A0969A95CDD}.Release|Win32.ActiveCfg = Release|Win32
		{6F2AF9AF-6C82-384B-8754-7A0969A95CDD}.Release|Win32.Build.0 = Release|Win32
		{40A83BB9-3A9E-3901-87BC-0D5D082A04D9}.Debug|Win32.ActiveCfg = Release|Win32
		{40A83BB9-3A9E-3901-87BC-0D5D082A04D9}.Debug|Win32.Build.0 = Release|Win32
		{40A83BB9-3A9E-3901-87BC-0D5D082A04D9}.Release|Win32.ActiveCfg = Release|Win32
		{40A83BB9-3A9E-3901-87BC-0D5D082A04D9}.Release|Win32.Build.0 = Release|Win32
		{36D7708F-2DA5-36E1-817D-5248C9C7EEA8}.Debug|Win32.ActiveCfg = Release|Win32
		{36D7708F-2DA5-36E1-817D-5248C9C7EEA8}.Debug|Win32.Build.0 = Release|Win32
		{36D7708F-2DA5-36E1-817D-5248C9C7EEA8}.Release|Win32.ActiveCfg = Release|Win32
		{36D7708F-2DA5-36E1-817D-5248C9C7EEA8}.Release|Win32.Build.0 = Release|Win32
	EndGlobalSection
	GlobalSection(SolutionProperties) = preSolution
		HideSolutionNode = FALSE
	EndGlobalSection
	GlobalSection(ExtensibilityGlobals) = postSolution
		SolutionGuid = {0D37B38C-CAF7-39BA-BEF2-567165EFEAEB}
	EndGlobalSection
EndGlobal
