
Microsoft Visual Studio Solution File, Format Version 10.00
# Visual Studio 2008
Project("{8BC9CEB8-8B4A-11D0-8D11-00A0C91BC942}") = "ALL_BUILD", "ALL_BUILD.vcproj", "{8B8E2569-398C-326C-A2C7-8FF251464F87}"
	ProjectSection(ProjectDependencies) = postProject
		{960F81E3-20C7-36D2-BB54-C7B8ADDE6E26} = {960F81E3-20C7-36D2-BB54-C7B8ADDE6E26}
		{454A9D16-E8B3-3B0B-B8C9-DD84C2719F42} = {454A9D16-E8B3-3B0B-B8C9-DD84C2719F42}
		{9D90C58E-0B93-375F-9C3C-41D9638D832F} = {9D90C58E-0B93-375F-9C3C-41D9638D832F}
		{C23A925E-3890-3204-BCFC-497E746E3D73} = {C23A925E-3890-3204-BCFC-497E746E3D73}
		{14AECCF8-06C1-320E-900D-B8286DD1E14D} = {14AECCF8-06C1-320E-900D-B8286DD1E14D}
	EndProjectSection
EndProject
Project("{8BC9CEB8-8B4A-11D0-8D11-00A0C91BC942}") = "ZERO_CHECK", "ZERO_CHECK.vcproj", "{960F81E3-20C7-36D2-BB54-C7B8ADDE6E26}"
	ProjectSection(ProjectDependencies) = postProject
	EndProjectSection
EndProject
Project("{8BC9CEB8-8B4A-11D0-8D11-00A0C91BC942}") = "romview", "romview.vcproj", "{454A9D16-E8B3-3B0B-B8C9-DD84C2719F42}"
	ProjectSection(ProjectDependencies) = postProject
		{960F81E3-20C7-36D2-BB54-C7B8ADDE6E26} = {960F81E3-20C7-36D2-BB54-C7B8ADDE6E26}
	EndProjectSection
EndProject
Project("{8BC9CEB8-8B4A-11D0-8D11-00A0C91BC942}") = "zcsound", "zcsound.vcproj", "{9D90C58E-0B93-375F-9C3C-41D9638D832F}"
	ProjectSection(ProjectDependencies) = postProject
		{960F81E3-20C7-36D2-BB54-C7B8ADDE6E26} = {960F81E3-20C7-36D2-BB54-C7B8ADDE6E26}
	EndProjectSection
EndProject
Project("{8BC9CEB8-8B4A-11D0-8D11-00A0C91BC942}") = "zelda", "zelda.vcproj", "{C23A925E-3890-3204-BCFC-497E746E3D73}"
	ProjectSection(ProjectDependencies) = postProject
		{960F81E3-20C7-36D2-BB54-C7B8ADDE6E26} = {960F81E3-20C7-36D2-BB54-C7B8ADDE6E26}
		{9D90C58E-0B93-375F-9C3C-41D9638D832F} = {9D90C58E-0B93-375F-9C3C-41D9638D832F}
	EndProjectSection
EndProject
Project("{8BC9CEB8-8B4A-11D0-8D11-00A0C91BC942}") = "zquest", "zquest.vcproj", "{14AECCF8-06C1-320E-900D-B8286DD1E14D}"
	ProjectSection(ProjectDependencies) = postProject
		{960F81E3-20C7-36D2-BB54-C7B8ADDE6E26} = {960F81E3-20C7-36D2-BB54-C7B8ADDE6E26}
		{9D90C58E-0B93-375F-9C3C-41D9638D832F} = {9D90C58E-0B93-375F-9C3C-41D9638D832F}
	EndProjectSection
EndProject
Global
	GlobalSection(SolutionConfigurationPlatforms) = preSolution
		Debug|Win32 = Debug|Win32
		Release|Win32 = Release|Win32
	EndGlobalSection
	GlobalSection(ProjectConfigurationPlatforms) = postSolution
		{8B8E2569-398C-326C-A2C7-8FF251464F87}.Debug|Win32.ActiveCfg = Debug|Win32
		{8B8E2569-398C-326C-A2C7-8FF251464F87}.Release|Win32.ActiveCfg = Release|Win32
		{960F81E3-20C7-36D2-BB54-C7B8ADDE6E26}.Debug|Win32.ActiveCfg = Debug|Win32
		{960F81E3-20C7-36D2-BB54-C7B8ADDE6E26}.Debug|Win32.Build.0 = Debug|Win32
		{960F81E3-20C7-36D2-BB54-C7B8ADDE6E26}.Release|Win32.ActiveCfg = Release|Win32
		{960F81E3-20C7-36D2-BB54-C7B8ADDE6E26}.Release|Win32.Build.0 = Release|Win32
		{454A9D16-E8B3-3B0B-B8C9-DD84C2719F42}.Debug|Win32.ActiveCfg = Debug|Win32
		{454A9D16-E8B3-3B0B-B8C9-DD84C2719F42}.Debug|Win32.Build.0 = Debug|Win32
		{454A9D16-E8B3-3B0B-B8C9-DD84C2719F42}.Release|Win32.ActiveCfg = Release|Win32
		{454A9D16-E8B3-3B0B-B8C9-DD84C2719F42}.Release|Win32.Build.0 = Release|Win32
		{9D90C58E-0B93-375F-9C3C-41D9638D832F}.Debug|Win32.ActiveCfg = Debug|Win32
		{9D90C58E-0B93-375F-9C3C-41D9638D832F}.Debug|Win32.Build.0 = Debug|Win32
		{9D90C58E-0B93-375F-9C3C-41D9638D832F}.Release|Win32.ActiveCfg = Release|Win32
		{9D90C58E-0B93-375F-9C3C-41D9638D832F}.Release|Win32.Build.0 = Release|Win32
		{C23A925E-3890-3204-BCFC-497E746E3D73}.Debug|Win32.ActiveCfg = Debug|Win32
		{C23A925E-3890-3204-BCFC-497E746E3D73}.Debug|Win32.Build.0 = Debug|Win32
		{C23A925E-3890-3204-BCFC-497E746E3D73}.Release|Win32.ActiveCfg = Release|Win32
		{C23A925E-3890-3204-BCFC-497E746E3D73}.Release|Win32.Build.0 = Release|Win32
		{14AECCF8-06C1-320E-900D-B8286DD1E14D}.Debug|Win32.ActiveCfg = Debug|Win32
		{14AECCF8-06C1-320E-900D-B8286DD1E14D}.Debug|Win32.Build.0 = Debug|Win32
		{14AECCF8-06C1-320E-900D-B8286DD1E14D}.Release|Win32.ActiveCfg = Release|Win32
		{14AECCF8-06C1-320E-900D-B8286DD1E14D}.Release|Win32.Build.0 = Release|Win32
	EndGlobalSection
	GlobalSection(ExtensibilityGlobals) = postSolution
		SolutionGuid = {2713B32D-ECCD-385A-8062-7F0E826750D6}
	EndGlobalSection
	GlobalSection(ExtensibilityAddIns) = postSolution
	EndGlobalSection
EndGlobal
