
Microsoft Visual Studio Solution File, Format Version 10.00
# Visual Studio 2008
Project("{8BC9CEB8-8B4A-11D0-8D11-00A0C91BC942}") = "mcpp", "mcpp.vcproj", "{5981E351-87B6-4D5A-8EDC-E8ACA8762632}"
EndProject
Project("{8BC9CEB8-8B4A-11D0-8D11-00A0C91BC942}") = "zcompiler", "zcompiler.vcproj", "{B19C0978-7CE1-47DB-89EF-E8EEA844D04F}"
EndProject
Project("{8BC9CEB8-8B4A-11D0-8D11-00A0C91BC942}") = "angelscript", "angelscript.vcproj", "{DA4692E7-E815-4D98-A12D-0D4562451AE6}"
EndProject
Global
	GlobalSection(SolutionConfigurationPlatforms) = preSolution
		Debug|Win32 = Debug|Win32
		Release|Win32 = Release|Win32
	EndGlobalSection
	GlobalSection(ProjectConfigurationPlatforms) = postSolution
		{5981E351-87B6-4D5A-8EDC-E8ACA8762632}.Debug|Win32.ActiveCfg = Debug|Win32
		{5981E351-87B6-4D5A-8EDC-E8ACA8762632}.Debug|Win32.Build.0 = Debug|Win32
		{5981E351-87B6-4D5A-8EDC-E8ACA8762632}.Release|Win32.ActiveCfg = Release|Win32
		{5981E351-87B6-4D5A-8EDC-E8ACA8762632}.Release|Win32.Build.0 = Release|Win32
		{B19C0978-7CE1-47DB-89EF-E8EEA844D04F}.Debug|Win32.ActiveCfg = Debug|Win32
		{B19C0978-7CE1-47DB-89EF-E8EEA844D04F}.Debug|Win32.Build.0 = Debug|Win32
		{B19C0978-7CE1-47DB-89EF-E8EEA844D04F}.Release|Win32.ActiveCfg = Release|Win32
		{B19C0978-7CE1-47DB-89EF-E8EEA844D04F}.Release|Win32.Build.0 = Release|Win32
		{DA4692E7-E815-4D98-A12D-0D4562451AE6}.Debug|Win32.ActiveCfg = Debug|Win32
		{DA4692E7-E815-4D98-A12D-0D4562451AE6}.Debug|Win32.Build.0 = Debug|Win32
		{DA4692E7-E815-4D98-A12D-0D4562451AE6}.Release|Win32.ActiveCfg = Release|Win32
		{DA4692E7-E815-4D98-A12D-0D4562451AE6}.Release|Win32.Build.0 = Release|Win32
	EndGlobalSection
	GlobalSection(SolutionProperties) = preSolution
		HideSolutionNode = FALSE
	EndGlobalSection
EndGlobal
