<?xml version="1.0" encoding="utf-8"?>
<Project ToolsVersion="4.0" xmlns="http://schemas.microsoft.com/developer/msbuild/2003">
  <ItemGroup>
    <Filter Include="Source Files">
      <UniqueIdentifier>{4FC737F1-C7A5-4376-A066-2A32D752A2FF}</UniqueIdentifier>
      <Extensions>cpp;c;cxx;def;odl;idl;hpj;bat;asm;asmx</Extensions>
    </Filter>
    <Filter Include="Resource Files">
      <UniqueIdentifier>{67DA6AB6-F800-4c08-8B7A-83BB121AAD01}</UniqueIdentifier>
      <Extensions>rc;ico;cur;bmp;dlg;rc2;rct;bin;rgs;gif;jpg;jpeg;jpe;resx</Extensions>
    </Filter>
    <Filter Include="Header Files">
      <UniqueIdentifier>{93995380-89BD-4b04-88EB-625FBE52EBFB}</UniqueIdentifier>
      <Extensions>h;hpp;hxx;hm;inl;inc;xsd</Extensions>
    </Filter>
  </ItemGroup>
  <ItemGroup>
    <ClCompile Include="..\..\aglogo.cpp">
      <Filter>Source Files</Filter>
    </ClCompile>
    <ClCompile Include="..\..\colors.cpp">
      <Filter>Source Files</Filter>
    </ClCompile>
    <ClCompile Include="..\..\debug.cpp">
      <Filter>Source Files</Filter>
    </ClCompile>
    <ClCompile Include="..\..\decorations.cpp">
      <Filter>Source Files</Filter>
    </ClCompile>
    <ClCompile Include="..\..\defdata.cpp">
      <Filter>Source Files</Filter>
    </ClCompile>
    <ClCompile Include="..\..\editbox.cpp">
      <Filter>Source Files</Filter>
    </ClCompile>
    <ClCompile Include="..\..\EditboxModel.cpp">
      <Filter>Source Files</Filter>
    </ClCompile>
    <ClCompile Include="..\..\EditboxView.cpp">
      <Filter>Source Files</Filter>
    </ClCompile>
    <ClCompile Include="..\..\ending.cpp">
      <Filter>Source Files</Filter>
    </ClCompile>
    <ClCompile Include="..\..\ffscript.cpp">
      <Filter>Source Files</Filter>
    </ClCompile>
    <ClCompile Include="..\..\gamedata.cpp">
      <Filter>Source Files</Filter>
    </ClCompile>
    <ClCompile Include="..\..\gui.cpp">
      <Filter>Source Files</Filter>
    </ClCompile>
    <ClCompile Include="..\..\guys.cpp">
      <Filter>Source Files</Filter>
    </ClCompile>
    <ClCompile Include="..\..\init.cpp">
      <Filter>Source Files</Filter>
    </ClCompile>
    <ClCompile Include="..\..\items.cpp">
      <Filter>Source Files</Filter>
    </ClCompile>
    <ClCompile Include="..\..\jwin.cpp">
      <Filter>Source Files</Filter>
    </ClCompile>
    <ClCompile Include="..\..\jwinfsel.cpp">
      <Filter>Source Files</Filter>
    </ClCompile>
    <ClCompile Include="..\..\link.cpp">
      <Filter>Source Files</Filter>
    </ClCompile>
    <ClCompile Include="..\..\maps.cpp">
      <Filter>Source Files</Filter>
    </ClCompile>
    <ClCompile Include="..\..\matrix.cpp">
      <Filter>Source Files</Filter>
    </ClCompile>
    <ClCompile Include="..\..\md5.cpp">
      <Filter>Source Files</Filter>
    </ClCompile>
    <ClCompile Include="..\..\midi.cpp">
      <Filter>Source Files</Filter>
    </ClCompile>
    <ClCompile Include="..\..\pal.cpp">
      <Filter>Source Files</Filter>
    </ClCompile>
    <ClCompile Include="..\..\particles.cpp">
      <Filter>Source Files</Filter>
    </ClCompile>
    <ClCompile Include="..\..\qst.cpp">
      <Filter>Source Files</Filter>
    </ClCompile>
    <ClCompile Include="..\..\script_drawing.cpp">
      <Filter>Source Files</Filter>
    </ClCompile>
    <ClCompile Include="..\..\sprite.cpp">
      <Filter>Source Files</Filter>
    </ClCompile>
    <ClCompile Include="..\..\subscr.cpp">
      <Filter>Source Files</Filter>
    </ClCompile>
    <ClCompile Include="..\..\tab_ctl.cpp">
      <Filter>Source Files</Filter>
    </ClCompile>
    <ClCompile Include="..\..\tiles.cpp">
      <Filter>Source Files</Filter>
    </ClCompile>
    <ClCompile Include="..\..\title.cpp">
      <Filter>Source Files</Filter>
    </ClCompile>
    <ClCompile Include="..\..\weapons.cpp">
      <Filter>Source Files</Filter>
    </ClCompile>
    <ClCompile Include="..\..\win32.cpp">
      <Filter>Source Files</Filter>
    </ClCompile>
    <ClCompile Include="..\..\zc_custom.cpp">
      <Filter>Source Files</Filter>
    </ClCompile>
    <ClCompile Include="..\..\zc_init.cpp">
      <Filter>Source Files</Filter>
    </ClCompile>
    <ClCompile Include="..\..\zc_items.cpp">
      <Filter>Source Files</Filter>
    </ClCompile>
    <ClCompile Include="..\..\zc_sprite.cpp">
      <Filter>Source Files</Filter>
    </ClCompile>
    <ClCompile Include="..\..\zc_subscr.cpp">
      <Filter>Source Files</Filter>
    </ClCompile>
    <ClCompile Include="..\..\zc_sys.cpp">
      <Filter>Source Files</Filter>
    </ClCompile>
    <ClCompile Include="..\..\zcmusic.cpp">
      <Filter>Source Files</Filter>
    </ClCompile>
    <ClCompile Include="..\..\zelda.cpp">
      <Filter>Source Files</Filter>
    </ClCompile>
    <ClCompile Include="..\..\zscriptversion.cpp">
      <Filter>Source Files</Filter>
    </ClCompile>
    <ClCompile Include="..\..\zsys.cpp">
      <Filter>Source Files</Filter>
    </ClCompile>
    <ClCompile Include="..\..\precompiled.cpp">
      <Filter>Resource Files</Filter>
    </ClCompile>
  </ItemGroup>
  <ItemGroup>
    <ClInclude Include="..\..\precompiled.h">
      <Filter>Resource Files</Filter>
    </ClInclude>
    <ClInclude Include="..\..\aglogo.h">
      <Filter>Header Files</Filter>
    </ClInclude>
    <ClInclude Include="..\..\colors.h">
      <Filter>Header Files</Filter>
    </ClInclude>
    <ClInclude Include="..\..\debug.h">
      <Filter>Header Files</Filter>
    </ClInclude>
    <ClInclude Include="..\..\decorations.h">
      <Filter>Header Files</Filter>
    </ClInclude>
    <ClInclude Include="..\..\defdata.h">
      <Filter>Header Files</Filter>
    </ClInclude>
    <ClInclude Include="..\..\editbox.h">
      <Filter>Header Files</Filter>
    </ClInclude>
    <ClInclude Include="..\..\ending.h">
      <Filter>Header Files</Filter>
    </ClInclude>
    <ClInclude Include="..\..\font.h">
      <Filter>Header Files</Filter>
    </ClInclude>
    <ClInclude Include="..\..\fontsdat.h">
      <Filter>Header Files</Filter>
    </ClInclude>
    <ClInclude Include="..\..\gamedata.h">
      <Filter>Header Files</Filter>
    </ClInclude>
    <ClInclude Include="..\..\gc.h">
      <Filter>Header Files</Filter>
    </ClInclude>
    <ClInclude Include="..\..\gfxpal.h">
      <Filter>Header Files</Filter>
    </ClInclude>
    <ClInclude Include="..\..\gui.h">
      <Filter>Header Files</Filter>
    </ClInclude>
    <ClInclude Include="..\..\guys.h">
      <Filter>Header Files</Filter>
    </ClInclude>
    <ClInclude Include="..\..\init.h">
      <Filter>Header Files</Filter>
    </ClInclude>
    <ClInclude Include="..\..\items.h">
      <Filter>Header Files</Filter>
    </ClInclude>
    <ClInclude Include="..\..\jwin.h">
      <Filter>Header Files</Filter>
    </ClInclude>
    <ClInclude Include="..\..\jwinfsel.h">
      <Filter>Header Files</Filter>
    </ClInclude>
    <ClInclude Include="..\..\link.h">
      <Filter>Header Files</Filter>
    </ClInclude>
    <ClInclude Include="..\..\load_gif.h">
      <Filter>Header Files</Filter>
    </ClInclude>
    <ClInclude Include="..\..\maps.h">
      <Filter>Header Files</Filter>
    </ClInclude>
    <ClInclude Include="..\..\matrix.h">
      <Filter>Header Files</Filter>
    </ClInclude>
    <ClInclude Include="..\..\md5.h">
      <Filter>Header Files</Filter>
    </ClInclude>
    <ClInclude Include="..\..\mem_debug.h">
      <Filter>Header Files</Filter>
    </ClInclude>
    <ClInclude Include="..\..\midi.h">
      <Filter>Header Files</Filter>
    </ClInclude>
    <ClInclude Include="..\..\pal.h">
      <Filter>Header Files</Filter>
    </ClInclude>
    <ClInclude Include="..\..\particles.h">
      <Filter>Header Files</Filter>
    </ClInclude>
    <ClInclude Include="..\..\qst.h">
      <Filter>Header Files</Filter>
    </ClInclude>
    <ClInclude Include="..\..\rendertarget.h">
      <Filter>Header Files</Filter>
    </ClInclude>
    <ClInclude Include="..\..\save_gif.h">
      <Filter>Header Files</Filter>
    </ClInclude>
    <ClInclude Include="..\..\script_drawing.h">
      <Filter>Header Files</Filter>
    </ClInclude>
    <ClInclude Include="..\..\sfx.h">
      <Filter>Header Files</Filter>
    </ClInclude>
    <ClInclude Include="..\..\sprite.h">
      <Filter>Header Files</Filter>
    </ClInclude>
    <ClInclude Include="..\..\subscr.h">
      <Filter>Header Files</Filter>
    </ClInclude>
    <ClInclude Include="..\..\tab_ctl.h">
      <Filter>Header Files</Filter>
    </ClInclude>
    <ClInclude Include="..\..\tiles.h">
      <Filter>Header Files</Filter>
    </ClInclude>
    <ClInclude Include="..\..\title.h">
      <Filter>Header Files</Filter>
    </ClInclude>
    <ClInclude Include="..\..\vectorset.h">
      <Filter>Header Files</Filter>
    </ClInclude>
    <ClInclude Include="..\..\weapons.h">
      <Filter>Header Files</Filter>
    </ClInclude>
    <ClInclude Include="..\..\zc_alleg.h">
      <Filter>Header Files</Filter>
    </ClInclude>
    <ClInclude Include="..\..\zc_array.h">
      <Filter>Header Files</Filter>
    </ClInclude>
    <ClInclude Include="..\..\zc_custom.h">
      <Filter>Header Files</Filter>
    </ClInclude>
    <ClInclude Include="..\..\zc_init.h">
      <Filter>Header Files</Filter>
    </ClInclude>
    <ClInclude Include="..\..\zc_malloc.h">
      <Filter>Header Files</Filter>
    </ClInclude>
    <ClInclude Include="..\..\zc_math.h">
      <Filter>Header Files</Filter>
    </ClInclude>
    <ClInclude Include="..\..\zc_subscr.h">
      <Filter>Header Files</Filter>
    </ClInclude>
    <ClInclude Include="..\..\zc_sys.h">
      <Filter>Header Files</Filter>
    </ClInclude>
    <ClInclude Include="..\..\zc_vec2.h">
      <Filter>Header Files</Filter>
    </ClInclude>
    <ClInclude Include="..\..\zcmusic.h">
      <Filter>Header Files</Filter>
    </ClInclude>
    <ClInclude Include="..\..\zconsole.h">
      <Filter>Header Files</Filter>
    </ClInclude>
    <ClInclude Include="..\..\zdefs.h">
      <Filter>Header Files</Filter>
    </ClInclude>
    <ClInclude Include="..\..\zelda.h">
      <Filter>Header Files</Filter>
    </ClInclude>
    <ClInclude Include="..\..\zeldadat.h">
      <Filter>Header Files</Filter>
    </ClInclude>
    <ClInclude Include="..\..\zq_class.h">
      <Filter>Header Files</Filter>
    </ClInclude>
    <ClInclude Include="..\..\zq_cset.h">
      <Filter>Header Files</Filter>
    </ClInclude>
    <ClInclude Include="..\..\zq_custom.h">
      <Filter>Header Files</Filter>
    </ClInclude>
    <ClInclude Include="..\..\zq_doors.h">
      <Filter>Header Files</Filter>
    </ClInclude>
    <ClInclude Include="..\..\zq_files.h">
      <Filter>Header Files</Filter>
    </ClInclude>
    <ClInclude Include="..\..\zq_init.h">
      <Filter>Header Files</Filter>
    </ClInclude>
    <ClInclude Include="..\..\zq_misc.h">
      <Filter>Header Files</Filter>
    </ClInclude>
    <ClInclude Include="..\..\zq_rules.h">
      <Filter>Header Files</Filter>
    </ClInclude>
    <ClInclude Include="..\..\zq_subscr.h">
      <Filter>Header Files</Filter>
    </ClInclude>
    <ClInclude Include="..\..\zq_tiles.h">
      <Filter>Header Files</Filter>
    </ClInclude>
    <ClInclude Include="..\..\zquest.h">
      <Filter>Header Files</Filter>
    </ClInclude>
    <ClInclude Include="..\..\zquestdat.h">
      <Filter>Header Files</Filter>
    </ClInclude>
    <ClInclude Include="..\..\zsys.h">
      <Filter>Header Files</Filter>
    </ClInclude>
  </ItemGroup>
  <ItemGroup>
    <ResourceCompile Include="..\..\zc_icon.rc">
      <Filter>Resource Files</Filter>
    </ResourceCompile>
  </ItemGroup>
  <ItemGroup>
    <None Include="..\..\VTune\zc.vpj" />
  </ItemGroup>
</Project>