
Microsoft Visual Studio Solution File, Format Version 10.00
# Visual Studio 2008
Project("{8BC9CEB8-8B4A-11D0-8D11-00A0C91BC942}") = "ConsoleLoggerHelper", "ConsoleLoggerHelper.vcproj", "{6228599E-DF29-49A8-9A3A-AC153DAF9208}"
EndProject
Global
	GlobalSection(SolutionConfigurationPlatforms) = preSolution
		Debug|Win32 = Debug|Win32
		Release|Win32 = Release|Win32
	EndGlobalSection
	GlobalSection(ProjectConfigurationPlatforms) = postSolution
		{6228599E-DF29-49A8-9A3A-AC153DAF9208}.Debug|Win32.ActiveCfg = Release|Win32
		{6228599E-DF29-49A8-9A3A-AC153DAF9208}.Debug|Win32.Build.0 = Release|Win32
		{6228599E-DF29-49A8-9A3A-AC153DAF9208}.Release|Win32.ActiveCfg = Release|Win32
		{6228599E-DF29-49A8-9A3A-AC153DAF9208}.Release|Win32.Build.0 = Release|Win32
	EndGlobalSection
	GlobalSection(SolutionProperties) = preSolution
		HideSolutionNode = FALSE
	EndGlobalSection
EndGlobal
