<?xml version="1.0" encoding="utf-8"?>
<Project ToolsVersion="4.0" xmlns="http://schemas.microsoft.com/developer/msbuild/2003">
  <ItemGroup>
    <Filter Include="Source Files">
      <UniqueIdentifier>{4FC737F1-C7A5-4376-A066-2A32D752A2FF}</UniqueIdentifier>
      <Extensions>cpp;c;cxx;def;odl;idl;hpj;bat;asm;asmx</Extensions>
    </Filter>
    <Filter Include="Source Files\item">
      <UniqueIdentifier>{324c3fe4-a989-4385-9da4-2fe6cbea1145}</UniqueIdentifier>
    </Filter>
    <Filter Include="Source Files\gui">
      <UniqueIdentifier>{ce299a71-a3bc-4b6f-8d11-f093f3db2ad6}</UniqueIdentifier>
    </Filter>
    <Filter Include="Source Files\gui\allegroGui">
      <UniqueIdentifier>{77f11d8c-8112-4672-9bb5-7831088ceba7}</UniqueIdentifier>
    </Filter>
    <Filter Include="Source Files\sequence">
      <UniqueIdentifier>{37e1af79-1ab1-4085-9380-39f647d45e0b}</UniqueIdentifier>
    </Filter>
    <Filter Include="Resource Files">
      <UniqueIdentifier>{67DA6AB6-F800-4c08-8B7A-83BB121AAD01}</UniqueIdentifier>
      <Extensions>rc;ico;cur;bmp;dlg;rc2;rct;bin;rgs;gif;jpg;jpeg;jpe;resx</Extensions>
    </Filter>
    <Filter Include="Header Files">
      <UniqueIdentifier>{93995380-89BD-4b04-88EB-625FBE52EBFB}</UniqueIdentifier>
      <Extensions>h;hpp;hxx;hm;inl;inc;xsd</Extensions>
    </Filter>
    <Filter Include="Header Files\item">
      <UniqueIdentifier>{a97c90d2-1685-4dc6-aa52-52e23b6a9dd6}</UniqueIdentifier>
    </Filter>
    <Filter Include="Header Files\gui">
      <UniqueIdentifier>{72b042eb-25a4-4e97-980c-7e56b01d45fc}</UniqueIdentifier>
    </Filter>
    <Filter Include="Header Files\gui\allegroGui">
      <UniqueIdentifier>{96f730e1-6234-42d1-b278-52e236a1c9f8}</UniqueIdentifier>
    </Filter>
    <Filter Include="Header Files\angelscript">
      <UniqueIdentifier>{93402d76-adff-418c-aec5-ab5d4aa90386}</UniqueIdentifier>
    </Filter>
    <Filter Include="Header Files\sequence">
      <UniqueIdentifier>{c0e87adf-4b6d-4b9c-a5f9-0a47bdd78e6c}</UniqueIdentifier>
    </Filter>
    <Filter Include="Modules">
      <UniqueIdentifier>{95fa8f25-f338-410f-b049-5f3dcf1255cc}</UniqueIdentifier>
    </Filter>
  </ItemGroup>
  <ItemGroup>
    <ClCompile Include="..\..\src\aglogo.cpp">
      <Filter>Source Files</Filter>
    </ClCompile>
    <ClCompile Include="..\..\src\colors.cpp">
      <Filter>Source Files</Filter>
    </ClCompile>
    <ClCompile Include="..\..\src\debug.cpp">
      <Filter>Source Files</Filter>
    </ClCompile>
    <ClCompile Include="..\..\src\decorations.cpp">
      <Filter>Source Files</Filter>
    </ClCompile>
    <ClCompile Include="..\..\src\defdata.cpp">
      <Filter>Source Files</Filter>
    </ClCompile>
    <ClCompile Include="..\..\src\editbox.cpp">
      <Filter>Source Files</Filter>
    </ClCompile>
    <ClCompile Include="..\..\src\EditboxModel.cpp">
      <Filter>Source Files</Filter>
    </ClCompile>
    <ClCompile Include="..\..\src\EditboxView.cpp">
      <Filter>Source Files</Filter>
    </ClCompile>
    <ClCompile Include="..\..\src\ending.cpp">
      <Filter>Source Files</Filter>
    </ClCompile>
    <ClCompile Include="..\..\src\ffscript.cpp">
      <Filter>Source Files</Filter>
    </ClCompile>
    <ClCompile Include="..\..\src\gamedata.cpp">
      <Filter>Source Files</Filter>
    </ClCompile>
    <ClCompile Include="..\..\src\gui.cpp">
      <Filter>Source Files</Filter>
    </ClCompile>
    <ClCompile Include="..\..\src\guys.cpp">
      <Filter>Source Files</Filter>
    </ClCompile>
    <ClCompile Include="..\..\src\init.cpp">
      <Filter>Source Files</Filter>
    </ClCompile>
    <ClCompile Include="..\..\src\items.cpp">
      <Filter>Source Files</Filter>
    </ClCompile>
    <ClCompile Include="..\..\src\jwin.cpp">
      <Filter>Source Files</Filter>
    </ClCompile>
    <ClCompile Include="..\..\src\jwinfsel.cpp">
      <Filter>Source Files</Filter>
    </ClCompile>
    <ClCompile Include="..\..\src\link.cpp">
      <Filter>Source Files</Filter>
    </ClCompile>
    <ClCompile Include="..\..\src\maps.cpp">
      <Filter>Source Files</Filter>
    </ClCompile>
    <ClCompile Include="..\..\src\matrix.cpp">
      <Filter>Source Files</Filter>
    </ClCompile>
    <ClCompile Include="..\..\src\md5.cpp">
      <Filter>Source Files</Filter>
    </ClCompile>
    <ClCompile Include="..\..\src\messageManager.cpp">
      <Filter>Source Files</Filter>
    </ClCompile>
    <ClCompile Include="..\..\src\messageRenderer.cpp">
      <Filter>Source Files</Filter>
    </ClCompile>
    <ClCompile Include="..\..\src\messageStream.cpp">
      <Filter>Source Files</Filter>
    </ClCompile>
    <ClCompile Include="..\..\src\midi.cpp">
      <Filter>Source Files</Filter>
    </ClCompile>
    <ClCompile Include="..\..\src\pal.cpp">
      <Filter>Source Files</Filter>
    </ClCompile>
    <ClCompile Include="..\..\src\particles.cpp">
      <Filter>Source Files</Filter>
    </ClCompile>
    <ClCompile Include="..\..\src\qst.cpp">
      <Filter>Source Files</Filter>
    </ClCompile>
    <ClCompile Include="..\..\src\script_drawing.cpp">
      <Filter>Source Files</Filter>
    </ClCompile>
    <ClCompile Include="..\..\src\sprite.cpp">
      <Filter>Source Files</Filter>
    </ClCompile>
    <ClCompile Include="..\..\src\subscr.cpp">
      <Filter>Source Files</Filter>
    </ClCompile>
    <ClCompile Include="..\..\src\tab_ctl.cpp">
      <Filter>Source Files</Filter>
    </ClCompile>
    <ClCompile Include="..\..\src\tiles.cpp">
      <Filter>Source Files</Filter>
    </ClCompile>
    <ClCompile Include="..\..\src\title.cpp">
      <Filter>Source Files</Filter>
    </ClCompile>
    <ClCompile Include="..\..\src\weapons.cpp">
      <Filter>Source Files</Filter>
    </ClCompile>
    <ClCompile Include="..\..\src\win32.cpp">
      <Filter>Source Files</Filter>
    </ClCompile>
    <ClCompile Include="..\..\src\zc_custom.cpp">
      <Filter>Source Files</Filter>
    </ClCompile>
    <ClCompile Include="..\..\src\zc_init.cpp">
      <Filter>Source Files</Filter>
    </ClCompile>
    <ClCompile Include="..\..\src\zc_items.cpp">
      <Filter>Source Files</Filter>
    </ClCompile>
    <ClCompile Include="..\..\src\zc_sprite.cpp">
      <Filter>Source Files</Filter>
    </ClCompile>
    <ClCompile Include="..\..\src\zc_subscr.cpp">
      <Filter>Source Files</Filter>
    </ClCompile>
    <ClCompile Include="..\..\src\zc_sys.cpp">
      <Filter>Source Files</Filter>
    </ClCompile>
    <ClCompile Include="..\..\src\zelda.cpp">
      <Filter>Source Files</Filter>
    </ClCompile>
    <ClCompile Include="..\..\src\zscriptversion.cpp">
      <Filter>Source Files</Filter>
    </ClCompile>
    <ClCompile Include="..\..\src\zsys.cpp">
      <Filter>Source Files</Filter>
    </ClCompile>
    <ClCompile Include="..\..\src\item\dinsFire.cpp">
      <Filter>Source Files\item</Filter>
    </ClCompile>
    <ClCompile Include="..\..\src\item\faroresWind.cpp">
      <Filter>Source Files\item</Filter>
    </ClCompile>
    <ClCompile Include="..\..\src\item\nayrusLove.cpp">
      <Filter>Source Files\item</Filter>
    </ClCompile>
    <ClCompile Include="..\..\src\gui\alert.cpp">
      <Filter>Source Files\gui</Filter>
    </ClCompile>
    <ClCompile Include="..\..\src\gui\contents.cpp">
      <Filter>Source Files\gui</Filter>
    </ClCompile>
    <ClCompile Include="..\..\src\gui\controller.cpp">
      <Filter>Source Files\gui</Filter>
    </ClCompile>
    <ClCompile Include="..\..\src\gui\dialog.cpp">
      <Filter>Source Files\gui</Filter>
    </ClCompile>
    <ClCompile Include="..\..\src\gui\manager.cpp">
      <Filter>Source Files\gui</Filter>
    </ClCompile>
    <ClCompile Include="..\..\src\gui\allegro\bitmap.cpp">
      <Filter>Source Files\gui\allegroGui</Filter>
    </ClCompile>
    <ClCompile Include="..\..\src\gui\allegro\button.cpp">
      <Filter>Source Files\gui\allegroGui</Filter>
    </ClCompile>
    <ClCompile Include="..\..\src\gui\allegro\checkbox.cpp">
      <Filter>Source Files\gui\allegroGui</Filter>
    </ClCompile>
    <ClCompile Include="..\..\src\gui\allegro\column.cpp">
      <Filter>Source Files\gui\allegroGui</Filter>
    </ClCompile>
    <ClCompile Include="..\..\src\gui\allegro\comboBox.cpp">
      <Filter>Source Files\gui\allegroGui</Filter>
    </ClCompile>
    <ClCompile Include="..\..\src\gui\allegro\common.cpp">
      <Filter>Source Files\gui\allegroGui</Filter>
    </ClCompile>
    <ClCompile Include="..\..\src\gui\allegro\controller.cpp">
      <Filter>Source Files\gui\allegroGui</Filter>
    </ClCompile>
    <ClCompile Include="..\..\src\gui\allegro\dummy.cpp">
      <Filter>Source Files\gui\allegroGui</Filter>
    </ClCompile>
    <ClCompile Include="..\..\src\gui\allegro\editableText.cpp">
      <Filter>Source Files\gui\allegroGui</Filter>
    </ClCompile>
    <ClCompile Include="..\..\src\gui\allegro\factory.cpp">
      <Filter>Source Files\gui\allegroGui</Filter>
    </ClCompile>
    <ClCompile Include="..\..\src\gui\allegro\frame.cpp">
      <Filter>Source Files\gui\allegroGui</Filter>
    </ClCompile>
    <ClCompile Include="..\..\src\gui\allegro\list.cpp">
      <Filter>Source Files\gui\allegroGui</Filter>
    </ClCompile>
    <ClCompile Include="..\..\src\gui\allegro\renderer.cpp">
      <Filter>Source Files\gui\allegroGui</Filter>
    </ClCompile>
    <ClCompile Include="..\..\src\gui\allegro\row.cpp">
      <Filter>Source Files\gui\allegroGui</Filter>
    </ClCompile>
    <ClCompile Include="..\..\src\gui\allegro\scrollbar.cpp">
      <Filter>Source Files\gui\allegroGui</Filter>
    </ClCompile>
    <ClCompile Include="..\..\src\gui\allegro\scrollingPane.cpp">
      <Filter>Source Files\gui\allegroGui</Filter>
    </ClCompile>
    <ClCompile Include="..\..\src\gui\allegro\serialContainer.cpp">
      <Filter>Source Files\gui\allegroGui</Filter>
    </ClCompile>
    <ClCompile Include="..\..\src\gui\allegro\standardWidget.cpp">
      <Filter>Source Files\gui\allegroGui</Filter>
    </ClCompile>
    <ClCompile Include="..\..\src\gui\allegro\tab.cpp">
      <Filter>Source Files\gui\allegroGui</Filter>
    </ClCompile>
    <ClCompile Include="..\..\src\gui\allegro\tabBar.cpp">
      <Filter>Source Files\gui\allegroGui</Filter>
    </ClCompile>
    <ClCompile Include="..\..\src\gui\allegro\tabPanel.cpp">
      <Filter>Source Files\gui\allegroGui</Filter>
    </ClCompile>
    <ClCompile Include="..\..\src\gui\allegro\text.cpp">
      <Filter>Source Files\gui\allegroGui</Filter>
    </ClCompile>
    <ClCompile Include="..\..\src\gui\allegro\textField.cpp">
      <Filter>Source Files\gui\allegroGui</Filter>
    </ClCompile>
    <ClCompile Include="..\..\src\gui\allegro\window.cpp">
      <Filter>Source Files\gui\allegroGui</Filter>
    </ClCompile>
    <ClCompile Include="..\..\src\sequence\gameOver.cpp">
      <Filter>Source Files\sequence</Filter>
    </ClCompile>
    <ClCompile Include="..\..\src\sequence\ganonIntro.cpp">
      <Filter>Source Files\sequence</Filter>
    </ClCompile>
    <ClCompile Include="..\..\src\sequence\getBigTriforce.cpp">
      <Filter>Source Files\sequence</Filter>
    </ClCompile>
    <ClCompile Include="..\..\src\sequence\getTriforce.cpp">
      <Filter>Source Files\sequence</Filter>
    </ClCompile>
    <ClCompile Include="..\..\src\sequence\potion.cpp">
      <Filter>Source Files\sequence</Filter>
    </ClCompile>
    <ClCompile Include="..\..\src\sequence\sequence.cpp">
      <Filter>Source Files\sequence</Filter>
    </ClCompile>
    <ClCompile Include="..\..\src\sequence\whistle.cpp">
      <Filter>Source Files\sequence</Filter>
    </ClCompile>
    <ClCompile Include="..\..\src\precompiled.cpp">
      <Filter>Resource Files</Filter>
    </ClCompile>
    <ClCompile Include="..\..\src\build_modules\angelscript_unity.cpp">
      <Filter>Modules</Filter>
    </ClCompile>
    <ClCompile Include="..\..\src\build_modules\gui_module.cpp">
      <Filter>Modules</Filter>
    </ClCompile>
    <ClCompile Include="..\..\src\build_modules\zc_as_module.cpp">
      <Filter>Modules</Filter>
    </ClCompile>
    <ClCompile Include="..\..\src\build_modules\zc_gui_module.cpp">
      <Filter>Modules</Filter>
    </ClCompile>
    <ClCompile Include="..\..\src\build_modules\zc_module.cpp">
      <Filter>Modules</Filter>
    </ClCompile>
    <ClCompile Include="..\..\src\build_modules\zc_objects_module.cpp">
      <Filter>Modules</Filter>
    </ClCompile>
    <ClCompile Include="..\..\src\build_modules\zc_sprite_module.cpp">
      <Filter>Modules</Filter>
    </ClCompile>
    <ClCompile Include="..\..\src\build_modules\zc_subscreen_module.cpp">
      <Filter>Modules</Filter>
    </ClCompile>
  </ItemGroup>
  <ItemGroup>
    <ClInclude Include="..\..\src\precompiled.h">
      <Filter>Resource Files</Filter>
    </ClInclude>
    <ClInclude Include="..\..\src\aglogo.h">
      <Filter>Header Files</Filter>
    </ClInclude>
    <ClInclude Include="..\..\src\colors.h">
      <Filter>Header Files</Filter>
    </ClInclude>
    <ClInclude Include="..\..\src\debug.h">
      <Filter>Header Files</Filter>
    </ClInclude>
    <ClInclude Include="..\..\src\decorations.h">
      <Filter>Header Files</Filter>
    </ClInclude>
    <ClInclude Include="..\..\src\defdata.h">
      <Filter>Header Files</Filter>
    </ClInclude>
    <ClInclude Include="..\..\src\editbox.h">
      <Filter>Header Files</Filter>
    </ClInclude>
    <ClInclude Include="..\..\src\ending.h">
      <Filter>Header Files</Filter>
    </ClInclude>
    <ClInclude Include="..\..\src\font.h">
      <Filter>Header Files</Filter>
    </ClInclude>
    <ClInclude Include="..\..\src\fontsdat.h">
      <Filter>Header Files</Filter>
    </ClInclude>
    <ClInclude Include="..\..\src\gamedata.h">
      <Filter>Header Files</Filter>
    </ClInclude>
    <ClInclude Include="..\..\src\gc.h">
      <Filter>Header Files</Filter>
    </ClInclude>
    <ClInclude Include="..\..\src\gfxpal.h">
      <Filter>Header Files</Filter>
    </ClInclude>
    <ClInclude Include="..\..\src\gui.h">
      <Filter>Header Files</Filter>
    </ClInclude>
    <ClInclude Include="..\..\src\guys.h">
      <Filter>Header Files</Filter>
    </ClInclude>
    <ClInclude Include="..\..\src\init.h">
      <Filter>Header Files</Filter>
    </ClInclude>
    <ClInclude Include="..\..\src\items.h">
      <Filter>Header Files</Filter>
    </ClInclude>
    <ClInclude Include="..\..\src\jwin.h">
      <Filter>Header Files</Filter>
    </ClInclude>
    <ClInclude Include="..\..\src\jwinfsel.h">
      <Filter>Header Files</Filter>
    </ClInclude>
    <ClInclude Include="..\..\src\link.h">
      <Filter>Header Files</Filter>
    </ClInclude>
    <ClInclude Include="..\..\src\load_gif.h">
      <Filter>Header Files</Filter>
    </ClInclude>
    <ClInclude Include="..\..\src\maps.h">
      <Filter>Header Files</Filter>
    </ClInclude>
    <ClInclude Include="..\..\src\matrix.h">
      <Filter>Header Files</Filter>
    </ClInclude>
    <ClInclude Include="..\..\src\md5.h">
      <Filter>Header Files</Filter>
    </ClInclude>
    <ClInclude Include="..\..\src\mem_debug.h">
      <Filter>Header Files</Filter>
    </ClInclude>
    <ClInclude Include="..\..\src\messageManager.h">
      <Filter>Header Files</Filter>
    </ClInclude>
    <ClInclude Include="..\..\src\messageRenderer.h">
      <Filter>Header Files</Filter>
    </ClInclude>
    <ClInclude Include="..\..\src\messageStream.h">
      <Filter>Header Files</Filter>
    </ClInclude>
    <ClInclude Include="..\..\src\midi.h">
      <Filter>Header Files</Filter>
    </ClInclude>
    <ClInclude Include="..\..\src\pal.h">
      <Filter>Header Files</Filter>
    </ClInclude>
    <ClInclude Include="..\..\src\particles.h">
      <Filter>Header Files</Filter>
    </ClInclude>
    <ClInclude Include="..\..\src\qst.h">
      <Filter>Header Files</Filter>
    </ClInclude>
    <ClInclude Include="..\..\src\rendertarget.h">
      <Filter>Header Files</Filter>
    </ClInclude>
    <ClInclude Include="..\..\src\save_gif.h">
      <Filter>Header Files</Filter>
    </ClInclude>
    <ClInclude Include="..\..\src\script_drawing.h">
      <Filter>Header Files</Filter>
    </ClInclude>
    <ClInclude Include="..\..\src\sfx.h">
      <Filter>Header Files</Filter>
    </ClInclude>
    <ClInclude Include="..\..\src\sprite.h">
      <Filter>Header Files</Filter>
    </ClInclude>
    <ClInclude Include="..\..\src\subscr.h">
      <Filter>Header Files</Filter>
    </ClInclude>
    <ClInclude Include="..\..\src\tab_ctl.h">
      <Filter>Header Files</Filter>
    </ClInclude>
    <ClInclude Include="..\..\src\tiles.h">
      <Filter>Header Files</Filter>
    </ClInclude>
    <ClInclude Include="..\..\src\title.h">
      <Filter>Header Files</Filter>
    </ClInclude>
    <ClInclude Include="..\..\src\vectorset.h">
      <Filter>Header Files</Filter>
    </ClInclude>
    <ClInclude Include="..\..\src\weapons.h">
      <Filter>Header Files</Filter>
    </ClInclude>
    <ClInclude Include="..\..\src\zc_alleg.h">
      <Filter>Header Files</Filter>
    </ClInclude>
    <ClInclude Include="..\..\src\zc_array.h">
      <Filter>Header Files</Filter>
    </ClInclude>
    <ClInclude Include="..\..\src\zc_custom.h">
      <Filter>Header Files</Filter>
    </ClInclude>
    <ClInclude Include="..\..\src\zc_init.h">
      <Filter>Header Files</Filter>
    </ClInclude>
    <ClInclude Include="..\..\src\zc_malloc.h">
      <Filter>Header Files</Filter>
    </ClInclude>
    <ClInclude Include="..\..\src\zc_math.h">
      <Filter>Header Files</Filter>
    </ClInclude>
    <ClInclude Include="..\..\src\zc_subscr.h">
      <Filter>Header Files</Filter>
    </ClInclude>
    <ClInclude Include="..\..\src\zc_sys.h">
      <Filter>Header Files</Filter>
    </ClInclude>
    <ClInclude Include="..\..\src\zc_vec2.h">
      <Filter>Header Files</Filter>
    </ClInclude>
    <ClInclude Include="..\..\src\zconsole.h">
      <Filter>Header Files</Filter>
    </ClInclude>
    <ClInclude Include="..\..\src\zdefs.h">
      <Filter>Header Files</Filter>
    </ClInclude>
    <ClInclude Include="..\..\src\zelda.h">
      <Filter>Header Files</Filter>
    </ClInclude>
    <ClInclude Include="..\..\src\zeldadat.h">
      <Filter>Header Files</Filter>
    </ClInclude>
    <ClInclude Include="..\..\src\zq_class.h">
      <Filter>Header Files</Filter>
    </ClInclude>
    <ClInclude Include="..\..\src\zq_cset.h">
      <Filter>Header Files</Filter>
    </ClInclude>
    <ClInclude Include="..\..\src\zq_custom.h">
      <Filter>Header Files</Filter>
    </ClInclude>
    <ClInclude Include="..\..\src\zq_doors.h">
      <Filter>Header Files</Filter>
    </ClInclude>
    <ClInclude Include="..\..\src\zq_files.h">
      <Filter>Header Files</Filter>
    </ClInclude>
    <ClInclude Include="..\..\src\zq_init.h">
      <Filter>Header Files</Filter>
    </ClInclude>
    <ClInclude Include="..\..\src\zq_misc.h">
      <Filter>Header Files</Filter>
    </ClInclude>
    <ClInclude Include="..\..\src\zq_rules.h">
      <Filter>Header Files</Filter>
    </ClInclude>
    <ClInclude Include="..\..\src\zq_subscr.h">
      <Filter>Header Files</Filter>
    </ClInclude>
    <ClInclude Include="..\..\src\zq_tiles.h">
      <Filter>Header Files</Filter>
    </ClInclude>
    <ClInclude Include="..\..\src\zquest.h">
      <Filter>Header Files</Filter>
    </ClInclude>
    <ClInclude Include="..\..\src\zquestdat.h">
      <Filter>Header Files</Filter>
    </ClInclude>
    <ClInclude Include="..\..\src\zsys.h">
      <Filter>Header Files</Filter>
    </ClInclude>
    <ClInclude Include="..\..\src\item\dinsFire.h">
      <Filter>Header Files\item</Filter>
    </ClInclude>
    <ClInclude Include="..\..\src\item\faroresWind.h">
      <Filter>Header Files\item</Filter>
    </ClInclude>
    <ClInclude Include="..\..\src\item\itemAction.h">
      <Filter>Header Files\item</Filter>
    </ClInclude>
    <ClInclude Include="..\..\src\item\nayrusLove.h">
      <Filter>Header Files\item</Filter>
    </ClInclude>
    <ClInclude Include="..\..\src\gui\alert.h">
      <Filter>Header Files\gui</Filter>
    </ClInclude>
    <ClInclude Include="..\..\src\gui\bitmap.h">
      <Filter>Header Files\gui</Filter>
    </ClInclude>
    <ClInclude Include="..\..\src\gui\button.h">
      <Filter>Header Files\gui</Filter>
    </ClInclude>
    <ClInclude Include="..\..\src\gui\checkbox.h">
      <Filter>Header Files\gui</Filter>
    </ClInclude>
    <ClInclude Include="..\..\src\gui\contents.h">
      <Filter>Header Files\gui</Filter>
    </ClInclude>
    <ClInclude Include="..\..\src\gui\controller.h">
      <Filter>Header Files\gui</Filter>
    </ClInclude>
    <ClInclude Include="..\..\src\gui\dialog.h">
      <Filter>Header Files\gui</Filter>
    </ClInclude>
    <ClInclude Include="..\..\src\gui\factory.h">
      <Filter>Header Files\gui</Filter>
    </ClInclude>
    <ClInclude Include="..\..\src\gui\key.h">
      <Filter>Header Files\gui</Filter>
    </ClInclude>
    <ClInclude Include="..\..\src\gui\list.h">
      <Filter>Header Files\gui</Filter>
    </ClInclude>
    <ClInclude Include="..\..\src\gui\manager.h">
      <Filter>Header Files\gui</Filter>
    </ClInclude>
    <ClInclude Include="..\..\src\gui\menu.h">
      <Filter>Header Files\gui</Filter>
    </ClInclude>
    <ClInclude Include="..\..\src\gui\menuItem.h">
      <Filter>Header Files\gui</Filter>
    </ClInclude>
    <ClInclude Include="..\..\src\gui\mouse.h">
      <Filter>Header Files\gui</Filter>
    </ClInclude>
    <ClInclude Include="..\..\src\gui\serialContainer.h">
      <Filter>Header Files\gui</Filter>
    </ClInclude>
    <ClInclude Include="..\..\src\gui\spinner.h">
      <Filter>Header Files\gui</Filter>
    </ClInclude>
    <ClInclude Include="..\..\src\gui\tabPanel.h">
      <Filter>Header Files\gui</Filter>
    </ClInclude>
    <ClInclude Include="..\..\src\gui\text.h">
      <Filter>Header Files\gui</Filter>
    </ClInclude>
    <ClInclude Include="..\..\src\gui\textBox.h">
      <Filter>Header Files\gui</Filter>
    </ClInclude>
    <ClInclude Include="..\..\src\gui\textField.h">
      <Filter>Header Files\gui</Filter>
    </ClInclude>
    <ClInclude Include="..\..\src\gui\widget.h">
      <Filter>Header Files\gui</Filter>
    </ClInclude>
    <ClInclude Include="..\..\src\gui\window.h">
      <Filter>Header Files\gui</Filter>
    </ClInclude>
    <ClInclude Include="..\..\src\gui\allegro\bitmap.h">
      <Filter>Header Files\gui\allegroGui</Filter>
    </ClInclude>
    <ClInclude Include="..\..\src\gui\allegro\button.h">
      <Filter>Header Files\gui\allegroGui</Filter>
    </ClInclude>
    <ClInclude Include="..\..\src\gui\allegro\checkbox.h">
      <Filter>Header Files\gui\allegroGui</Filter>
    </ClInclude>
    <ClInclude Include="..\..\src\gui\allegro\column.h">
      <Filter>Header Files\gui\allegroGui</Filter>
    </ClInclude>
    <ClInclude Include="..\..\src\gui\allegro\comboBox.h">
      <Filter>Header Files\gui\allegroGui</Filter>
    </ClInclude>
    <ClInclude Include="..\..\src\gui\allegro\common.h">
      <Filter>Header Files\gui\allegroGui</Filter>
    </ClInclude>
    <ClInclude Include="..\..\src\gui\allegro\controller.h">
      <Filter>Header Files\gui\allegroGui</Filter>
    </ClInclude>
    <ClInclude Include="..\..\src\gui\allegro\dummy.h">
      <Filter>Header Files\gui\allegroGui</Filter>
    </ClInclude>
    <ClInclude Include="..\..\src\gui\allegro\editableText.h">
      <Filter>Header Files\gui\allegroGui</Filter>
    </ClInclude>
    <ClInclude Include="..\..\src\gui\allegro\factory.h">
      <Filter>Header Files\gui\allegroGui</Filter>
    </ClInclude>
    <ClInclude Include="..\..\src\gui\allegro\frame.h">
      <Filter>Header Files\gui\allegroGui</Filter>
    </ClInclude>
    <ClInclude Include="..\..\src\gui\allegro\list.h">
      <Filter>Header Files\gui\allegroGui</Filter>
    </ClInclude>
    <ClInclude Include="..\..\src\gui\allegro\manager.h">
      <Filter>Header Files\gui\allegroGui</Filter>
    </ClInclude>
    <ClInclude Include="..\..\src\gui\allegro\renderer.h">
      <Filter>Header Files\gui\allegroGui</Filter>
    </ClInclude>
    <ClInclude Include="..\..\src\gui\allegro\row.h">
      <Filter>Header Files\gui\allegroGui</Filter>
    </ClInclude>
    <ClInclude Include="..\..\src\gui\allegro\scrollbar.h">
      <Filter>Header Files\gui\allegroGui</Filter>
    </ClInclude>
    <ClInclude Include="..\..\src\gui\allegro\scrollingPane.h">
      <Filter>Header Files\gui\allegroGui</Filter>
    </ClInclude>
    <ClInclude Include="..\..\src\gui\allegro\serialContainer.h">
      <Filter>Header Files\gui\allegroGui</Filter>
    </ClInclude>
    <ClInclude Include="..\..\src\gui\allegro\standardWidget.h">
      <Filter>Header Files\gui\allegroGui</Filter>
    </ClInclude>
    <ClInclude Include="..\..\src\gui\allegro\tab.h">
      <Filter>Header Files\gui\allegroGui</Filter>
    </ClInclude>
    <ClInclude Include="..\..\src\gui\allegro\tabBar.h">
      <Filter>Header Files\gui\allegroGui</Filter>
    </ClInclude>
    <ClInclude Include="..\..\src\gui\allegro\tabPanel.h">
      <Filter>Header Files\gui\allegroGui</Filter>
    </ClInclude>
    <ClInclude Include="..\..\src\gui\allegro\text.h">
      <Filter>Header Files\gui\allegroGui</Filter>
    </ClInclude>
    <ClInclude Include="..\..\src\gui\allegro\textField.h">
      <Filter>Header Files\gui\allegroGui</Filter>
    </ClInclude>
    <ClInclude Include="..\..\src\gui\allegro\widget.h">
      <Filter>Header Files\gui\allegroGui</Filter>
    </ClInclude>
    <ClInclude Include="..\..\src\gui\allegro\window.h">
      <Filter>Header Files\gui\allegroGui</Filter>
    </ClInclude>
    <ClInclude Include="..\..\src\angelscript\aszc.h">
      <Filter>Header Files\angelscript</Filter>
    </ClInclude>
    <ClInclude Include="..\..\src\angelscript\scriptData.h">
      <Filter>Header Files\angelscript</Filter>
    </ClInclude>
    <ClInclude Include="..\..\src\angelscript\util.h">
      <Filter>Header Files\angelscript</Filter>
    </ClInclude>
    <ClInclude Include="..\..\src\sequence\gameOver.h">
      <Filter>Header Files\sequence</Filter>
    </ClInclude>
    <ClInclude Include="..\..\src\sequence\ganonIntro.h">
      <Filter>Header Files\sequence</Filter>
    </ClInclude>
    <ClInclude Include="..\..\src\sequence\getBigTriforce.h">
      <Filter>Header Files\sequence</Filter>
    </ClInclude>
    <ClInclude Include="..\..\src\sequence\getTriforce.h">
      <Filter>Header Files\sequence</Filter>
    </ClInclude>
    <ClInclude Include="..\..\src\sequence\potion.h">
      <Filter>Header Files\sequence</Filter>
    </ClInclude>
    <ClInclude Include="..\..\src\sequence\sequence.h">
      <Filter>Header Files\sequence</Filter>
    </ClInclude>
    <ClInclude Include="..\..\src\sequence\whistle.h">
      <Filter>Header Files\sequence</Filter>
    </ClInclude>
  </ItemGroup>
  <ItemGroup>
    <ResourceCompile Include="..\..\zc_icon.rc">
      <Filter>Resource Files</Filter>
    </ResourceCompile>
  </ItemGroup>
  <ItemGroup>
    <None Include="..\..\src\VTune\zc.vpj" />
  </ItemGroup>
</Project>