{
  "name": "web",
  "version": "1.0.0",
  "lockfileVersion": 1,
  "requires": true,
  "dependencies": {
    "browser-fs-access": {
      "version": "0.28.1",
      "resolved": "https://registry.npmjs.org/browser-fs-access/-/browser-fs-access-0.28.1.tgz",
      "integrity": "sha512-LVt8Nm+1opx6hUun2bCX7jFsOMMrtjK/+8vDH7kxYqhzP2UzM2ogPpVhbOmPkZGFfrT3kehEDFX9x1SgXtSK9A=="
    },
    "idb-keyval": {
      "version": "6.1.0",
      "resolved": "https://registry.npmjs.org/idb-keyval/-/idb-keyval-6.1.0.tgz",
      "integrity": "sha512-u/qHZ75rlD3gH+Zah8dAJVJcGW/RfCnfNrFkElC5RpRCnpsCXXhqjVk+6MoVKJ3WhmNbRYdI6IIVP88e+5sxGw==",
      "requires": {
        "safari-14-idb-fix": "^3.0.0"
      }
    },
    "safari-14-idb-fix": {
      "version": "3.0.0",
      "resolved": "https://registry.npmjs.org/safari-14-idb-fix/-/safari-14-idb-fix-3.0.0.tgz",
      "integrity": "sha512-eBNFLob4PMq8JA1dGyFn6G97q3/WzNtFK4RnzT1fnLq+9RyrGknzYiM/9B12MnKAxuj1IXr7UKYtTNtjyKMBog=="
    }
  }
}
